<?xml version="1.0" encoding="utf-8"?>
<Project ToolsVersion="4.0" xmlns="http://schemas.microsoft.com/developer/msbuild/2003">
  <ItemGroup>
    <Filter Include="Source Files">
      <UniqueIdentifier>{4FC737F1-C7A5-4376-A066-2A32D752A2FF}</UniqueIdentifier>
      <Extensions>cpp;c;cc;cxx;c++;def;odl;idl;hpj;bat;asm;asmx</Extensions>
    </Filter>
    <Filter Include="Resource Files">
      <UniqueIdentifier>{67DA6AB6-F800-4c08-8B7A-83BB121AAD01}</UniqueIdentifier>
      <Extensions>rc;ico;cur;bmp;dlg;rc2;rct;bin;rgs;gif;jpg;jpeg;jpe;resx;tiff;tif;png;wav;mfcribbon-ms</Extensions>
    </Filter>
    <Filter Include="Source Files\core">
      <UniqueIdentifier>{b26a21de-4d7d-4a11-8573-355c29b6cc17}</UniqueIdentifier>
    </Filter>
    <Filter Include="Source Files\core\memory">
      <UniqueIdentifier>{b1bc3788-2de6-4476-89a7-cb4c91e560b1}</UniqueIdentifier>
    </Filter>
  </ItemGroup>
  <ItemGroup>
    <ClCompile Include="source\main.cpp">
      <Filter>Source Files</Filter>
    </ClCompile>
    <ClCompile Include="source\application.cpp">
      <Filter>Source Files</Filter>
    </ClCompile>
    <ClCompile Include="source\imgui_wrappers.cpp">
      <Filter>Source Files</Filter>
    </ClCompile>
    <ClCompile Include="source\global_allocators.cpp">
      <Filter>Source Files</Filter>
    </ClCompile>
    <ClCompile Include="source\world_viewport.cpp">
      <Filter>Source Files</Filter>
    </ClCompile>
  </ItemGroup>
  <ItemGroup>
    <ClInclude Include="source\core\memory\allocator.h">
      <Filter>Source Files\core\memory</Filter>
    </ClInclude>
    <ClInclude Include="source\core\memory\allocator.inl">
      <Filter>Source Files\core\memory</Filter>
    </ClInclude>
    <ClInclude Include="source\application.h">
      <Filter>Source Files</Filter>
    </ClInclude>
    <ClInclude Include="source\global_allocators.h">
      <Filter>Source Files</Filter>
    </ClInclude>
    <ClInclude Include="source\imgui_wrappers.h">
      <Filter>Source Files</Filter>
    </ClInclude>
    <ClInclude Include="source\world_viewport.h">
      <Filter>Source Files</Filter>
    </ClInclude>
  </ItemGroup>
</Project>