
Microsoft Visual Studio Solution File, Format Version 12.00
# Visual Studio 15
VisualStudioVersion = 15.0.26730.12
MinimumVisualStudioVersion = 10.0.40219.1
Project("{FAE04EC0-301F-11D3-BF4B-00C04F79EFBC}") = "Physics_Debugger", "physics_debugger\Physics_Debugger.csproj", "{D6F71EF4-B1CF-4A20-AE05-E3E60173176C}"
	ProjectSection(ProjectDependencies) = postProject
		{D0B9399A-9451-4EDE-9846-5BC25E8BF762} = {D0B9399A-9451-4EDE-9846-5BC25E8BF762}
	EndProjectSection
EndProject
Project("{FAE04EC0-301F-11D3-BF4B-00C04F79EFBC}") = "Renderer", "Renderer\Renderer.csproj", "{D0B9399A-9451-4EDE-9846-5BC25E8BF762}"
EndProject
Global
	GlobalSection(SolutionConfigurationPlatforms) = preSolution
		Debug|Any CPU = Debug|Any CPU
		Release|Any CPU = Release|Any CPU
	EndGlobalSection
	GlobalSection(ProjectConfigurationPlatforms) = postSolution
		{D6F71EF4-B1CF-4A20-AE05-E3E60173176C}.Debug|Any CPU.ActiveCfg = Debug|Any CPU
		{D6F71EF4-B1CF-4A20-AE05-E3E60173176C}.Debug|Any CPU.Build.0 = Debug|Any CPU
		{D6F71EF4-B1CF-4A20-AE05-E3E60173176C}.Release|Any CPU.ActiveCfg = Release|Any CPU
		{D6F71EF4-B1CF-4A20-AE05-E3E60173176C}.Release|Any CPU.Build.0 = Release|Any CPU
		{D0B9399A-9451-4EDE-9846-5BC25E8BF762}.Debug|Any CPU.ActiveCfg = Debug|Any CPU
		{D0B9399A-9451-4EDE-9846-5BC25E8BF762}.Debug|Any CPU.Build.0 = Debug|Any CPU
		{D0B9399A-9451-4EDE-9846-5BC25E8BF762}.Release|Any CPU.ActiveCfg = Release|Any CPU
		{D0B9399A-9451-4EDE-9846-5BC25E8BF762}.Release|Any CPU.Build.0 = Release|Any CPU
	EndGlobalSection
	GlobalSection(SolutionProperties) = preSolution
		HideSolutionNode = FALSE
	EndGlobalSection
	GlobalSection(ExtensibilityGlobals) = postSolution
		SolutionGuid = {BF38C7B0-E030-450A-B992-8FCA2B536992}
	EndGlobalSection
EndGlobal
